
Microsoft Visual Studio Solution File, Format Version 12.00
# Visual Studio Version 17
VisualStudioVersion = 17.1.32328.378
MinimumVisualStudioVersion = 10.0.40219.1
Project("{FAE04EC0-301F-11D3-BF4B-00C04F79EFBC}") = "AlbionDamageMetter", "AlbionDamageMetter.csproj", "{1F3D9A45-D024-460C-A866-DF142A3820F6}"
EndProject
Global
	GlobalSection(SolutionConfigurationPlatforms) = preSolution
		Debug|Any CPU = Debug|Any CPU
		Release|Any CPU = Release|Any CPU
	EndGlobalSection
	GlobalSection(ProjectConfigurationPlatforms) = postSolution
		{1F3D9A45-D024-460C-A866-DF142A3820F6}.Debug|Any CPU.ActiveCfg = Debug|Any CPU
		{1F3D9A45-D024-460C-A866-DF142A3820F6}.Debug|Any CPU.Build.0 = Debug|Any CPU
		{1F3D9A45-D024-460C-A866-DF142A3820F6}.Release|Any CPU.ActiveCfg = Release|Any CPU
		{1F3D9A45-D024-460C-A866-DF142A3820F6}.Release|Any CPU.Build.0 = Release|Any CPU
	EndGlobalSection
	GlobalSection(SolutionProperties) = preSolution
		HideSolutionNode = FALSE
	EndGlobalSection
	GlobalSection(ExtensibilityGlobals) = postSolution
		SolutionGuid = {99D02B50-7685-40F0-A9A3-DF425B084D65}
	EndGlobalSection
EndGlobal
